
Microsoft Visual Studio Solution File, Format Version 12.00
# Visual Studio 2013
VisualStudioVersion = 12.0.30501.0
MinimumVisualStudioVersion = 10.0.40219.1
Project("{FAE04EC0-301F-11D3-BF4B-00C04F79EFBC}") = "Captricity.API", "Captricity.API/Captricity.API.csproj", "{A9722D9E-A548-4125-AB36-D91C2B9077CC}"
EndProject
Global
	GlobalSection(SolutionConfigurationPlatforms) = preSolution
		Debug|Any CPU = Debug|Any CPU
		Release|Any CPU = Release|Any CPU
	EndGlobalSection
	GlobalSection(ProjectConfigurationPlatforms) = postSolution
		{A9722D9E-A548-4125-AB36-D91C2B9077CC}.Debug|Any CPU.ActiveCfg = Debug|Any CPU
		{A9722D9E-A548-4125-AB36-D91C2B9077CC}.Debug|Any CPU.Build.0 = Debug|Any CPU
		{A9722D9E-A548-4125-AB36-D91C2B9077CC}.Release|Any CPU.ActiveCfg = Release|Any CPU
		{A9722D9E-A548-4125-AB36-D91C2B9077CC}.Release|Any CPU.Build.0 = Release|Any CPU
	EndGlobalSection
	GlobalSection(SolutionProperties) = preSolution
		HideSolutionNode = FALSE
	EndGlobalSection
EndGlobal
